
Microsoft Visual Studio Solution File, Format Version 12.00
# Visual Studio Version 17
VisualStudioVersion = 17.0.31903.59
MinimumVisualStudioVersion = 10.0.40219.1
Project("{FAE04EC0-301F-11D3-BF4B-00C04F79EFBC}") = "logicpos", "logicpos\logicpos.csproj", "{340331CF-94E0-49B0-8EBB-D4DF61A3DCCC}"
EndProject
Project("{2150E333-8FDC-42A3-9474-1A3956D46DE8}") = "logicpos.financial", "logicpos.financial", "{3BEC1553-10A8-4ED7-9ED9-347A0D6C671F}"
EndProject
Project("{FAE04EC0-301F-11D3-BF4B-00C04F79EFBC}") = "LogicPOS.Globalization", "LogicPOS.Globalization\LogicPOS.Globalization.csproj", "{B9E8D813-D694-4A7F-955E-CCC4B10F3774}"
EndProject
Project("{2150E333-8FDC-42A3-9474-1A3956D46DE8}") = "logicpos.hardware", "logicpos.hardware", "{A5B28328-FBED-45CE-A530-184308495E09}"
EndProject
Project("{FAE04EC0-301F-11D3-BF4B-00C04F79EFBC}") = "LogicPOS.Shared", "LogicPOS.Shared\LogicPOS.Shared.csproj", "{FB74327C-1794-47EC-8F52-FD3F464F3258}"
EndProject
Project("{FAE04EC0-301F-11D3-BF4B-00C04F79EFBC}") = "logicpos.datalayer", "logicpos.datalayer\logicpos.datalayer.csproj", "{42AF3BE2-44B4-477D-8E45-55C64992B805}"
EndProject
Project("{FAE04EC0-301F-11D3-BF4B-00C04F79EFBC}") = "logicpos.printer.generic", "logicpos.hardware\logicpos.printer.generic\logicpos.printer.generic.csproj", "{692407AF-FE0E-4D94-8DB1-BE8B210017BA}"
EndProject
Project("{FAE04EC0-301F-11D3-BF4B-00C04F79EFBC}") = "logicpos.printer.genericsocket", "logicpos.hardware\logicpos.printer.genericsocket\logicpos.printer.genericsocket.csproj", "{7BC439DE-3799-461A-8FC1-D7F1644667FB}"
EndProject
Project("{FAE04EC0-301F-11D3-BF4B-00C04F79EFBC}") = "logicpos.printer.genericusb", "logicpos.hardware\logicpos.printer.genericusb\logicpos.printer.genericusb.csproj", "{FF9298DD-4B4B-412F-A260-E504D0079EAD}"
EndProject
Project("{FAE04EC0-301F-11D3-BF4B-00C04F79EFBC}") = "logicpos.printer.genericwindows", "logicpos.hardware\logicpos.printer.genericwindows\logicpos.printer.genericwindows.csproj", "{D0F2B3C4-AE83-46E1-82F7-5FB9B6CA352F}"
EndProject
Project("{FAE04EC0-301F-11D3-BF4B-00C04F79EFBC}") = "logicpos.financial.library", "logicpos.financial\logicpos.financial.library\logicpos.financial.library.csproj", "{7F643F3C-0F7B-451A-AA16-A9A25A56CCF3}"
EndProject
Project("{9A19103F-16F7-4668-BE54-9A1E7A4F7556}") = "LogicPOS.Settings", "LogicPOS.Settings\LogicPOS.Settings.csproj", "{A4E7F0EA-8360-41F2-A625-517F6E943A29}"
EndProject
Project("{9A19103F-16F7-4668-BE54-9A1E7A4F7556}") = "LogicPOS.Utility", "LogicPOS.Utility\LogicPOS.Utility.csproj", "{18488CE5-C06F-40F5-9339-0467A47D7985}"
EndProject
Project("{9A19103F-16F7-4668-BE54-9A1E7A4F7556}") = "LogicPOS.DTOs", "LogicPOS.DTOs\LogicPOS.DTOs.csproj", "{E23BDF58-F0A9-40AC-ACCE-57235FB7A7F1}"
EndProject
Project("{9A19103F-16F7-4668-BE54-9A1E7A4F7556}") = "LogicPOS.Plugin", "LogicPOS.Plugin\LogicPOS.Plugin.csproj", "{50C2F757-8478-4FD3-8B35-89BC12E7ACA0}"
EndProject
Project("{2150E333-8FDC-42A3-9474-1A3956D46DE8}") = "LogicPOS.PDFViewer", "LogicPOS.PDFViewer", "{37768CD0-31B5-4547-8CA2-F69A2BC0BD99}"
EndProject
Project("{FAE04EC0-301F-11D3-BF4B-00C04F79EFBC}") = "LogicPOS.PDFViewer.Controls", "LogicPOS.PDFViewer\LogicPOS.PDFViewer.Controls\LogicPOS.PDFViewer.Controls.csproj", "{1C688B96-9FCC-465A-9347-1F933C703E21}"
EndProject
Project("{FAE04EC0-301F-11D3-BF4B-00C04F79EFBC}") = "LogicPOS.PDFViewer.Winforms", "LogicPOS.PDFViewer\LogicPOS.PDFViewer.Winforms\LogicPOS.PDFViewer.Winforms.csproj", "{E39A7986-4C2F-4EBE-A31B-59C766150EAC}"
EndProject
Global
	GlobalSection(SolutionConfigurationPlatforms) = preSolution
		Basic|Any CPU = Basic|Any CPU
		Basic|Mixed Platforms = Basic|Mixed Platforms
		Basic|x86 = Basic|x86
		Debug|Any CPU = Debug|Any CPU
		Debug|Mixed Platforms = Debug|Mixed Platforms
		Debug|x86 = Debug|x86
		Demo|Any CPU = Demo|Any CPU
		Demo|Mixed Platforms = Demo|Mixed Platforms
		Demo|x86 = Demo|x86
		Release|Any CPU = Release|Any CPU
		Release|Mixed Platforms = Release|Mixed Platforms
		Release|x86 = Release|x86
		WinForms|Any CPU = WinForms|Any CPU
		WinForms|Mixed Platforms = WinForms|Mixed Platforms
		WinForms|x86 = WinForms|x86
	EndGlobalSection
	GlobalSection(ProjectConfigurationPlatforms) = postSolution
		{340331CF-94E0-49B0-8EBB-D4DF61A3DCCC}.Basic|Any CPU.ActiveCfg = Release|x86
		{340331CF-94E0-49B0-8EBB-D4DF61A3DCCC}.Basic|Mixed Platforms.ActiveCfg = Release|x86
		{340331CF-94E0-49B0-8EBB-D4DF61A3DCCC}.Basic|Mixed Platforms.Build.0 = Release|x86
		{340331CF-94E0-49B0-8EBB-D4DF61A3DCCC}.Basic|x86.ActiveCfg = Release|x86
		{340331CF-94E0-49B0-8EBB-D4DF61A3DCCC}.Basic|x86.Build.0 = Release|x86
		{340331CF-94E0-49B0-8EBB-D4DF61A3DCCC}.Debug|Any CPU.ActiveCfg = Debug|x86
		{340331CF-94E0-49B0-8EBB-D4DF61A3DCCC}.Debug|Mixed Platforms.ActiveCfg = Debug|x86
		{340331CF-94E0-49B0-8EBB-D4DF61A3DCCC}.Debug|Mixed Platforms.Build.0 = Debug|x86
		{340331CF-94E0-49B0-8EBB-D4DF61A3DCCC}.Debug|x86.ActiveCfg = Debug|x86
		{340331CF-94E0-49B0-8EBB-D4DF61A3DCCC}.Debug|x86.Build.0 = Debug|x86
		{340331CF-94E0-49B0-8EBB-D4DF61A3DCCC}.Demo|Any CPU.ActiveCfg = Debug|x86
		{340331CF-94E0-49B0-8EBB-D4DF61A3DCCC}.Demo|Mixed Platforms.ActiveCfg = Debug|x86
		{340331CF-94E0-49B0-8EBB-D4DF61A3DCCC}.Demo|Mixed Platforms.Build.0 = Debug|x86
		{340331CF-94E0-49B0-8EBB-D4DF61A3DCCC}.Demo|x86.ActiveCfg = Debug|x86
		{340331CF-94E0-49B0-8EBB-D4DF61A3DCCC}.Demo|x86.Build.0 = Debug|x86
		{340331CF-94E0-49B0-8EBB-D4DF61A3DCCC}.Release|Any CPU.ActiveCfg = Release|x86
		{340331CF-94E0-49B0-8EBB-D4DF61A3DCCC}.Release|Mixed Platforms.ActiveCfg = Release|x86
		{340331CF-94E0-49B0-8EBB-D4DF61A3DCCC}.Release|Mixed Platforms.Build.0 = Release|x86
		{340331CF-94E0-49B0-8EBB-D4DF61A3DCCC}.Release|x86.ActiveCfg = Release|x86
		{340331CF-94E0-49B0-8EBB-D4DF61A3DCCC}.Release|x86.Build.0 = Release|x86
		{340331CF-94E0-49B0-8EBB-D4DF61A3DCCC}.WinForms|Any CPU.ActiveCfg = Release|x86
		{340331CF-94E0-49B0-8EBB-D4DF61A3DCCC}.WinForms|Mixed Platforms.ActiveCfg = Release|x86
		{340331CF-94E0-49B0-8EBB-D4DF61A3DCCC}.WinForms|Mixed Platforms.Build.0 = Release|x86
		{340331CF-94E0-49B0-8EBB-D4DF61A3DCCC}.WinForms|x86.ActiveCfg = Release|x86
		{340331CF-94E0-49B0-8EBB-D4DF61A3DCCC}.WinForms|x86.Build.0 = Release|x86
		{B9E8D813-D694-4A7F-955E-CCC4B10F3774}.Basic|Any CPU.ActiveCfg = Release|Any CPU
		{B9E8D813-D694-4A7F-955E-CCC4B10F3774}.Basic|Any CPU.Build.0 = Release|Any CPU
		{B9E8D813-D694-4A7F-955E-CCC4B10F3774}.Basic|Mixed Platforms.ActiveCfg = Release|Any CPU
		{B9E8D813-D694-4A7F-955E-CCC4B10F3774}.Basic|Mixed Platforms.Build.0 = Release|Any CPU
		{B9E8D813-D694-4A7F-955E-CCC4B10F3774}.Basic|x86.ActiveCfg = Release|Any CPU
		{B9E8D813-D694-4A7F-955E-CCC4B10F3774}.Debug|Any CPU.ActiveCfg = Debug|Any CPU
		{B9E8D813-D694-4A7F-955E-CCC4B10F3774}.Debug|Any CPU.Build.0 = Debug|Any CPU
		{B9E8D813-D694-4A7F-955E-CCC4B10F3774}.Debug|Mixed Platforms.ActiveCfg = Debug|Any CPU
		{B9E8D813-D694-4A7F-955E-CCC4B10F3774}.Debug|Mixed Platforms.Build.0 = Debug|Any CPU
		{B9E8D813-D694-4A7F-955E-CCC4B10F3774}.Debug|x86.ActiveCfg = Debug|Any CPU
		{B9E8D813-D694-4A7F-955E-CCC4B10F3774}.Demo|Any CPU.ActiveCfg = Debug|Any CPU
		{B9E8D813-D694-4A7F-955E-CCC4B10F3774}.Demo|Any CPU.Build.0 = Debug|Any CPU
		{B9E8D813-D694-4A7F-955E-CCC4B10F3774}.Demo|Mixed Platforms.ActiveCfg = Debug|Any CPU
		{B9E8D813-D694-4A7F-955E-CCC4B10F3774}.Demo|Mixed Platforms.Build.0 = Debug|Any CPU
		{B9E8D813-D694-4A7F-955E-CCC4B10F3774}.Demo|x86.ActiveCfg = Debug|Any CPU
		{B9E8D813-D694-4A7F-955E-CCC4B10F3774}.Release|Any CPU.ActiveCfg = Release|Any CPU
		{B9E8D813-D694-4A7F-955E-CCC4B10F3774}.Release|Any CPU.Build.0 = Release|Any CPU
		{B9E8D813-D694-4A7F-955E-CCC4B10F3774}.Release|Mixed Platforms.ActiveCfg = Release|Any CPU
		{B9E8D813-D694-4A7F-955E-CCC4B10F3774}.Release|Mixed Platforms.Build.0 = Release|Any CPU
		{B9E8D813-D694-4A7F-955E-CCC4B10F3774}.Release|x86.ActiveCfg = Release|Any CPU
		{B9E8D813-D694-4A7F-955E-CCC4B10F3774}.WinForms|Any CPU.ActiveCfg = Release|Any CPU
		{B9E8D813-D694-4A7F-955E-CCC4B10F3774}.WinForms|Any CPU.Build.0 = Release|Any CPU
		{B9E8D813-D694-4A7F-955E-CCC4B10F3774}.WinForms|Mixed Platforms.ActiveCfg = Release|Any CPU
		{B9E8D813-D694-4A7F-955E-CCC4B10F3774}.WinForms|Mixed Platforms.Build.0 = Release|Any CPU
		{B9E8D813-D694-4A7F-955E-CCC4B10F3774}.WinForms|x86.ActiveCfg = Release|Any CPU
		{FB74327C-1794-47EC-8F52-FD3F464F3258}.Basic|Any CPU.ActiveCfg = Release|Any CPU
		{FB74327C-1794-47EC-8F52-FD3F464F3258}.Basic|Any CPU.Build.0 = Release|Any CPU
		{FB74327C-1794-47EC-8F52-FD3F464F3258}.Basic|Mixed Platforms.ActiveCfg = Release|Any CPU
		{FB74327C-1794-47EC-8F52-FD3F464F3258}.Basic|Mixed Platforms.Build.0 = Release|Any CPU
		{FB74327C-1794-47EC-8F52-FD3F464F3258}.Basic|x86.ActiveCfg = Release|Any CPU
		{FB74327C-1794-47EC-8F52-FD3F464F3258}.Basic|x86.Build.0 = Release|Any CPU
		{FB74327C-1794-47EC-8F52-FD3F464F3258}.Debug|Any CPU.ActiveCfg = Debug|Any CPU
		{FB74327C-1794-47EC-8F52-FD3F464F3258}.Debug|Any CPU.Build.0 = Debug|Any CPU
		{FB74327C-1794-47EC-8F52-FD3F464F3258}.Debug|Mixed Platforms.ActiveCfg = Debug|Any CPU
		{FB74327C-1794-47EC-8F52-FD3F464F3258}.Debug|Mixed Platforms.Build.0 = Debug|Any CPU
		{FB74327C-1794-47EC-8F52-FD3F464F3258}.Debug|x86.ActiveCfg = Debug|Any CPU
		{FB74327C-1794-47EC-8F52-FD3F464F3258}.Debug|x86.Build.0 = Debug|Any CPU
		{FB74327C-1794-47EC-8F52-FD3F464F3258}.Demo|Any CPU.ActiveCfg = Debug|Any CPU
		{FB74327C-1794-47EC-8F52-FD3F464F3258}.Demo|Any CPU.Build.0 = Debug|Any CPU
		{FB74327C-1794-47EC-8F52-FD3F464F3258}.Demo|Mixed Platforms.ActiveCfg = Debug|Any CPU
		{FB74327C-1794-47EC-8F52-FD3F464F3258}.Demo|Mixed Platforms.Build.0 = Debug|Any CPU
		{FB74327C-1794-47EC-8F52-FD3F464F3258}.Demo|x86.ActiveCfg = Debug|Any CPU
		{FB74327C-1794-47EC-8F52-FD3F464F3258}.Demo|x86.Build.0 = Debug|Any CPU
		{FB74327C-1794-47EC-8F52-FD3F464F3258}.Release|Any CPU.ActiveCfg = Release|Any CPU
		{FB74327C-1794-47EC-8F52-FD3F464F3258}.Release|Any CPU.Build.0 = Release|Any CPU
		{FB74327C-1794-47EC-8F52-FD3F464F3258}.Release|Mixed Platforms.ActiveCfg = Release|Any CPU
		{FB74327C-1794-47EC-8F52-FD3F464F3258}.Release|Mixed Platforms.Build.0 = Release|Any CPU
		{FB74327C-1794-47EC-8F52-FD3F464F3258}.Release|x86.ActiveCfg = Release|Any CPU
		{FB74327C-1794-47EC-8F52-FD3F464F3258}.Release|x86.Build.0 = Release|Any CPU
		{FB74327C-1794-47EC-8F52-FD3F464F3258}.WinForms|Any CPU.ActiveCfg = Release|Any CPU
		{FB74327C-1794-47EC-8F52-FD3F464F3258}.WinForms|Any CPU.Build.0 = Release|Any CPU
		{FB74327C-1794-47EC-8F52-FD3F464F3258}.WinForms|Mixed Platforms.ActiveCfg = Release|Any CPU
		{FB74327C-1794-47EC-8F52-FD3F464F3258}.WinForms|Mixed Platforms.Build.0 = Release|Any CPU
		{FB74327C-1794-47EC-8F52-FD3F464F3258}.WinForms|x86.ActiveCfg = Release|Any CPU
		{FB74327C-1794-47EC-8F52-FD3F464F3258}.WinForms|x86.Build.0 = Release|Any CPU
		{42AF3BE2-44B4-477D-8E45-55C64992B805}.Basic|Any CPU.ActiveCfg = Release|Any CPU
		{42AF3BE2-44B4-477D-8E45-55C64992B805}.Basic|Any CPU.Build.0 = Release|Any CPU
		{42AF3BE2-44B4-477D-8E45-55C64992B805}.Basic|Mixed Platforms.ActiveCfg = Release|Any CPU
		{42AF3BE2-44B4-477D-8E45-55C64992B805}.Basic|Mixed Platforms.Build.0 = Release|Any CPU
		{42AF3BE2-44B4-477D-8E45-55C64992B805}.Basic|x86.ActiveCfg = Release|Any CPU
		{42AF3BE2-44B4-477D-8E45-55C64992B805}.Basic|x86.Build.0 = Release|Any CPU
		{42AF3BE2-44B4-477D-8E45-55C64992B805}.Debug|Any CPU.ActiveCfg = Debug|Any CPU
		{42AF3BE2-44B4-477D-8E45-55C64992B805}.Debug|Any CPU.Build.0 = Debug|Any CPU
		{42AF3BE2-44B4-477D-8E45-55C64992B805}.Debug|Mixed Platforms.ActiveCfg = Debug|Any CPU
		{42AF3BE2-44B4-477D-8E45-55C64992B805}.Debug|Mixed Platforms.Build.0 = Debug|Any CPU
		{42AF3BE2-44B4-477D-8E45-55C64992B805}.Debug|x86.ActiveCfg = Debug|Any CPU
		{42AF3BE2-44B4-477D-8E45-55C64992B805}.Debug|x86.Build.0 = Debug|Any CPU
		{42AF3BE2-44B4-477D-8E45-55C64992B805}.Demo|Any CPU.ActiveCfg = Debug|Any CPU
		{42AF3BE2-44B4-477D-8E45-55C64992B805}.Demo|Any CPU.Build.0 = Debug|Any CPU
		{42AF3BE2-44B4-477D-8E45-55C64992B805}.Demo|Mixed Platforms.ActiveCfg = Debug|Any CPU
		{42AF3BE2-44B4-477D-8E45-55C64992B805}.Demo|Mixed Platforms.Build.0 = Debug|Any CPU
		{42AF3BE2-44B4-477D-8E45-55C64992B805}.Demo|x86.ActiveCfg = Debug|Any CPU
		{42AF3BE2-44B4-477D-8E45-55C64992B805}.Demo|x86.Build.0 = Debug|Any CPU
		{42AF3BE2-44B4-477D-8E45-55C64992B805}.Release|Any CPU.ActiveCfg = Release|Any CPU
		{42AF3BE2-44B4-477D-8E45-55C64992B805}.Release|Any CPU.Build.0 = Release|Any CPU
		{42AF3BE2-44B4-477D-8E45-55C64992B805}.Release|Mixed Platforms.ActiveCfg = Release|Any CPU
		{42AF3BE2-44B4-477D-8E45-55C64992B805}.Release|Mixed Platforms.Build.0 = Release|Any CPU
		{42AF3BE2-44B4-477D-8E45-55C64992B805}.Release|x86.ActiveCfg = Release|Any CPU
		{42AF3BE2-44B4-477D-8E45-55C64992B805}.Release|x86.Build.0 = Release|Any CPU
		{42AF3BE2-44B4-477D-8E45-55C64992B805}.WinForms|Any CPU.ActiveCfg = Release|Any CPU
		{42AF3BE2-44B4-477D-8E45-55C64992B805}.WinForms|Any CPU.Build.0 = Release|Any CPU
		{42AF3BE2-44B4-477D-8E45-55C64992B805}.WinForms|Mixed Platforms.ActiveCfg = Release|Any CPU
		{42AF3BE2-44B4-477D-8E45-55C64992B805}.WinForms|Mixed Platforms.Build.0 = Release|Any CPU
		{42AF3BE2-44B4-477D-8E45-55C64992B805}.WinForms|x86.ActiveCfg = Release|Any CPU
		{42AF3BE2-44B4-477D-8E45-55C64992B805}.WinForms|x86.Build.0 = Release|Any CPU
		{692407AF-FE0E-4D94-8DB1-BE8B210017BA}.Basic|Any CPU.ActiveCfg = Release|Any CPU
		{692407AF-FE0E-4D94-8DB1-BE8B210017BA}.Basic|Any CPU.Build.0 = Release|Any CPU
		{692407AF-FE0E-4D94-8DB1-BE8B210017BA}.Basic|Mixed Platforms.ActiveCfg = Release|Any CPU
		{692407AF-FE0E-4D94-8DB1-BE8B210017BA}.Basic|Mixed Platforms.Build.0 = Release|Any CPU
		{692407AF-FE0E-4D94-8DB1-BE8B210017BA}.Basic|x86.ActiveCfg = Release|Any CPU
		{692407AF-FE0E-4D94-8DB1-BE8B210017BA}.Basic|x86.Build.0 = Release|Any CPU
		{692407AF-FE0E-4D94-8DB1-BE8B210017BA}.Debug|Any CPU.ActiveCfg = Debug|Any CPU
		{692407AF-FE0E-4D94-8DB1-BE8B210017BA}.Debug|Any CPU.Build.0 = Debug|Any CPU
		{692407AF-FE0E-4D94-8DB1-BE8B210017BA}.Debug|Mixed Platforms.ActiveCfg = Debug|Any CPU
		{692407AF-FE0E-4D94-8DB1-BE8B210017BA}.Debug|Mixed Platforms.Build.0 = Debug|Any CPU
		{692407AF-FE0E-4D94-8DB1-BE8B210017BA}.Debug|x86.ActiveCfg = Debug|Any CPU
		{692407AF-FE0E-4D94-8DB1-BE8B210017BA}.Debug|x86.Build.0 = Debug|Any CPU
		{692407AF-FE0E-4D94-8DB1-BE8B210017BA}.Demo|Any CPU.ActiveCfg = Debug|Any CPU
		{692407AF-FE0E-4D94-8DB1-BE8B210017BA}.Demo|Any CPU.Build.0 = Debug|Any CPU
		{692407AF-FE0E-4D94-8DB1-BE8B210017BA}.Demo|Mixed Platforms.ActiveCfg = Debug|Any CPU
		{692407AF-FE0E-4D94-8DB1-BE8B210017BA}.Demo|Mixed Platforms.Build.0 = Debug|Any CPU
		{692407AF-FE0E-4D94-8DB1-BE8B210017BA}.Demo|x86.ActiveCfg = Debug|Any CPU
		{692407AF-FE0E-4D94-8DB1-BE8B210017BA}.Demo|x86.Build.0 = Debug|Any CPU
		{692407AF-FE0E-4D94-8DB1-BE8B210017BA}.Release|Any CPU.ActiveCfg = Release|Any CPU
		{692407AF-FE0E-4D94-8DB1-BE8B210017BA}.Release|Any CPU.Build.0 = Release|Any CPU
		{692407AF-FE0E-4D94-8DB1-BE8B210017BA}.Release|Mixed Platforms.ActiveCfg = Release|Any CPU
		{692407AF-FE0E-4D94-8DB1-BE8B210017BA}.Release|Mixed Platforms.Build.0 = Release|Any CPU
		{692407AF-FE0E-4D94-8DB1-BE8B210017BA}.Release|x86.ActiveCfg = Release|Any CPU
		{692407AF-FE0E-4D94-8DB1-BE8B210017BA}.Release|x86.Build.0 = Release|Any CPU
		{692407AF-FE0E-4D94-8DB1-BE8B210017BA}.WinForms|Any CPU.ActiveCfg = Release|Any CPU
		{692407AF-FE0E-4D94-8DB1-BE8B210017BA}.WinForms|Any CPU.Build.0 = Release|Any CPU
		{692407AF-FE0E-4D94-8DB1-BE8B210017BA}.WinForms|Mixed Platforms.ActiveCfg = Release|Any CPU
		{692407AF-FE0E-4D94-8DB1-BE8B210017BA}.WinForms|Mixed Platforms.Build.0 = Release|Any CPU
		{692407AF-FE0E-4D94-8DB1-BE8B210017BA}.WinForms|x86.ActiveCfg = Release|Any CPU
		{692407AF-FE0E-4D94-8DB1-BE8B210017BA}.WinForms|x86.Build.0 = Release|Any CPU
		{7BC439DE-3799-461A-8FC1-D7F1644667FB}.Basic|Any CPU.ActiveCfg = Release|Any CPU
		{7BC439DE-3799-461A-8FC1-D7F1644667FB}.Basic|Any CPU.Build.0 = Release|Any CPU
		{7BC439DE-3799-461A-8FC1-D7F1644667FB}.Basic|Mixed Platforms.ActiveCfg = Release|Any CPU
		{7BC439DE-3799-461A-8FC1-D7F1644667FB}.Basic|Mixed Platforms.Build.0 = Release|Any CPU
		{7BC439DE-3799-461A-8FC1-D7F1644667FB}.Basic|x86.ActiveCfg = Release|Any CPU
		{7BC439DE-3799-461A-8FC1-D7F1644667FB}.Basic|x86.Build.0 = Release|Any CPU
		{7BC439DE-3799-461A-8FC1-D7F1644667FB}.Debug|Any CPU.ActiveCfg = Debug|Any CPU
		{7BC439DE-3799-461A-8FC1-D7F1644667FB}.Debug|Any CPU.Build.0 = Debug|Any CPU
		{7BC439DE-3799-461A-8FC1-D7F1644667FB}.Debug|Mixed Platforms.ActiveCfg = Debug|Any CPU
		{7BC439DE-3799-461A-8FC1-D7F1644667FB}.Debug|Mixed Platforms.Build.0 = Debug|Any CPU
		{7BC439DE-3799-461A-8FC1-D7F1644667FB}.Debug|x86.ActiveCfg = Debug|Any CPU
		{7BC439DE-3799-461A-8FC1-D7F1644667FB}.Debug|x86.Build.0 = Debug|Any CPU
		{7BC439DE-3799-461A-8FC1-D7F1644667FB}.Demo|Any CPU.ActiveCfg = Debug|Any CPU
		{7BC439DE-3799-461A-8FC1-D7F1644667FB}.Demo|Any CPU.Build.0 = Debug|Any CPU
		{7BC439DE-3799-461A-8FC1-D7F1644667FB}.Demo|Mixed Platforms.ActiveCfg = Debug|Any CPU
		{7BC439DE-3799-461A-8FC1-D7F1644667FB}.Demo|Mixed Platforms.Build.0 = Debug|Any CPU
		{7BC439DE-3799-461A-8FC1-D7F1644667FB}.Demo|x86.ActiveCfg = Debug|Any CPU
		{7BC439DE-3799-461A-8FC1-D7F1644667FB}.Demo|x86.Build.0 = Debug|Any CPU
		{7BC439DE-3799-461A-8FC1-D7F1644667FB}.Release|Any CPU.ActiveCfg = Release|Any CPU
		{7BC439DE-3799-461A-8FC1-D7F1644667FB}.Release|Any CPU.Build.0 = Release|Any CPU
		{7BC439DE-3799-461A-8FC1-D7F1644667FB}.Release|Mixed Platforms.ActiveCfg = Release|Any CPU
		{7BC439DE-3799-461A-8FC1-D7F1644667FB}.Release|Mixed Platforms.Build.0 = Release|Any CPU
		{7BC439DE-3799-461A-8FC1-D7F1644667FB}.Release|x86.ActiveCfg = Release|Any CPU
		{7BC439DE-3799-461A-8FC1-D7F1644667FB}.Release|x86.Build.0 = Release|Any CPU
		{7BC439DE-3799-461A-8FC1-D7F1644667FB}.WinForms|Any CPU.ActiveCfg = Release|Any CPU
		{7BC439DE-3799-461A-8FC1-D7F1644667FB}.WinForms|Any CPU.Build.0 = Release|Any CPU
		{7BC439DE-3799-461A-8FC1-D7F1644667FB}.WinForms|Mixed Platforms.ActiveCfg = Release|Any CPU
		{7BC439DE-3799-461A-8FC1-D7F1644667FB}.WinForms|Mixed Platforms.Build.0 = Release|Any CPU
		{7BC439DE-3799-461A-8FC1-D7F1644667FB}.WinForms|x86.ActiveCfg = Release|Any CPU
		{7BC439DE-3799-461A-8FC1-D7F1644667FB}.WinForms|x86.Build.0 = Release|Any CPU
		{FF9298DD-4B4B-412F-A260-E504D0079EAD}.Basic|Any CPU.ActiveCfg = Release|Any CPU
		{FF9298DD-4B4B-412F-A260-E504D0079EAD}.Basic|Any CPU.Build.0 = Release|Any CPU
		{FF9298DD-4B4B-412F-A260-E504D0079EAD}.Basic|Mixed Platforms.ActiveCfg = Release|Any CPU
		{FF9298DD-4B4B-412F-A260-E504D0079EAD}.Basic|Mixed Platforms.Build.0 = Release|Any CPU
		{FF9298DD-4B4B-412F-A260-E504D0079EAD}.Basic|x86.ActiveCfg = Release|Any CPU
		{FF9298DD-4B4B-412F-A260-E504D0079EAD}.Basic|x86.Build.0 = Release|Any CPU
		{FF9298DD-4B4B-412F-A260-E504D0079EAD}.Debug|Any CPU.ActiveCfg = Debug|Any CPU
		{FF9298DD-4B4B-412F-A260-E504D0079EAD}.Debug|Any CPU.Build.0 = Debug|Any CPU
		{FF9298DD-4B4B-412F-A260-E504D0079EAD}.Debug|Mixed Platforms.ActiveCfg = Debug|Any CPU
		{FF9298DD-4B4B-412F-A260-E504D0079EAD}.Debug|Mixed Platforms.Build.0 = Debug|Any CPU
		{FF9298DD-4B4B-412F-A260-E504D0079EAD}.Debug|x86.ActiveCfg = Debug|Any CPU
		{FF9298DD-4B4B-412F-A260-E504D0079EAD}.Debug|x86.Build.0 = Debug|Any CPU
		{FF9298DD-4B4B-412F-A260-E504D0079EAD}.Demo|Any CPU.ActiveCfg = Debug|Any CPU
		{FF9298DD-4B4B-412F-A260-E504D0079EAD}.Demo|Any CPU.Build.0 = Debug|Any CPU
		{FF9298DD-4B4B-412F-A260-E504D0079EAD}.Demo|Mixed Platforms.ActiveCfg = Debug|Any CPU
		{FF9298DD-4B4B-412F-A260-E504D0079EAD}.Demo|Mixed Platforms.Build.0 = Debug|Any CPU
		{FF9298DD-4B4B-412F-A260-E504D0079EAD}.Demo|x86.ActiveCfg = Debug|Any CPU
		{FF9298DD-4B4B-412F-A260-E504D0079EAD}.Demo|x86.Build.0 = Debug|Any CPU
		{FF9298DD-4B4B-412F-A260-E504D0079EAD}.Release|Any CPU.ActiveCfg = Release|Any CPU
		{FF9298DD-4B4B-412F-A260-E504D0079EAD}.Release|Any CPU.Build.0 = Release|Any CPU
		{FF9298DD-4B4B-412F-A260-E504D0079EAD}.Release|Mixed Platforms.ActiveCfg = Release|Any CPU
		{FF9298DD-4B4B-412F-A260-E504D0079EAD}.Release|Mixed Platforms.Build.0 = Release|Any CPU
		{FF9298DD-4B4B-412F-A260-E504D0079EAD}.Release|x86.ActiveCfg = Release|Any CPU
		{FF9298DD-4B4B-412F-A260-E504D0079EAD}.Release|x86.Build.0 = Release|Any CPU
		{FF9298DD-4B4B-412F-A260-E504D0079EAD}.WinForms|Any CPU.ActiveCfg = Release|Any CPU
		{FF9298DD-4B4B-412F-A260-E504D0079EAD}.WinForms|Any CPU.Build.0 = Release|Any CPU
		{FF9298DD-4B4B-412F-A260-E504D0079EAD}.WinForms|Mixed Platforms.ActiveCfg = Release|Any CPU
		{FF9298DD-4B4B-412F-A260-E504D0079EAD}.WinForms|Mixed Platforms.Build.0 = Release|Any CPU
		{FF9298DD-4B4B-412F-A260-E504D0079EAD}.WinForms|x86.ActiveCfg = Release|Any CPU
		{FF9298DD-4B4B-412F-A260-E504D0079EAD}.WinForms|x86.Build.0 = Release|Any CPU
		{D0F2B3C4-AE83-46E1-82F7-5FB9B6CA352F}.Basic|Any CPU.ActiveCfg = Release|Any CPU
		{D0F2B3C4-AE83-46E1-82F7-5FB9B6CA352F}.Basic|Any CPU.Build.0 = Release|Any CPU
		{D0F2B3C4-AE83-46E1-82F7-5FB9B6CA352F}.Basic|Mixed Platforms.ActiveCfg = Release|Any CPU
		{D0F2B3C4-AE83-46E1-82F7-5FB9B6CA352F}.Basic|Mixed Platforms.Build.0 = Release|Any CPU
		{D0F2B3C4-AE83-46E1-82F7-5FB9B6CA352F}.Basic|x86.ActiveCfg = Release|Any CPU
		{D0F2B3C4-AE83-46E1-82F7-5FB9B6CA352F}.Basic|x86.Build.0 = Release|Any CPU
		{D0F2B3C4-AE83-46E1-82F7-5FB9B6CA352F}.Debug|Any CPU.ActiveCfg = Debug|Any CPU
		{D0F2B3C4-AE83-46E1-82F7-5FB9B6CA352F}.Debug|Any CPU.Build.0 = Debug|Any CPU
		{D0F2B3C4-AE83-46E1-82F7-5FB9B6CA352F}.Debug|Mixed Platforms.ActiveCfg = Debug|Any CPU
		{D0F2B3C4-AE83-46E1-82F7-5FB9B6CA352F}.Debug|Mixed Platforms.Build.0 = Debug|Any CPU
		{D0F2B3C4-AE83-46E1-82F7-5FB9B6CA352F}.Debug|x86.ActiveCfg = Debug|Any CPU
		{D0F2B3C4-AE83-46E1-82F7-5FB9B6CA352F}.Debug|x86.Build.0 = Debug|Any CPU
		{D0F2B3C4-AE83-46E1-82F7-5FB9B6CA352F}.Demo|Any CPU.ActiveCfg = Debug|Any CPU
		{D0F2B3C4-AE83-46E1-82F7-5FB9B6CA352F}.Demo|Any CPU.Build.0 = Debug|Any CPU
		{D0F2B3C4-AE83-46E1-82F7-5FB9B6CA352F}.Demo|Mixed Platforms.ActiveCfg = Debug|Any CPU
		{D0F2B3C4-AE83-46E1-82F7-5FB9B6CA352F}.Demo|Mixed Platforms.Build.0 = Debug|Any CPU
		{D0F2B3C4-AE83-46E1-82F7-5FB9B6CA352F}.Demo|x86.ActiveCfg = Debug|Any CPU
		{D0F2B3C4-AE83-46E1-82F7-5FB9B6CA352F}.Demo|x86.Build.0 = Debug|Any CPU
		{D0F2B3C4-AE83-46E1-82F7-5FB9B6CA352F}.Release|Any CPU.ActiveCfg = Release|Any CPU
		{D0F2B3C4-AE83-46E1-82F7-5FB9B6CA352F}.Release|Any CPU.Build.0 = Release|Any CPU
		{D0F2B3C4-AE83-46E1-82F7-5FB9B6CA352F}.Release|Mixed Platforms.ActiveCfg = Release|Any CPU
		{D0F2B3C4-AE83-46E1-82F7-5FB9B6CA352F}.Release|Mixed Platforms.Build.0 = Release|Any CPU
		{D0F2B3C4-AE83-46E1-82F7-5FB9B6CA352F}.Release|x86.ActiveCfg = Release|Any CPU
		{D0F2B3C4-AE83-46E1-82F7-5FB9B6CA352F}.Release|x86.Build.0 = Release|Any CPU
		{D0F2B3C4-AE83-46E1-82F7-5FB9B6CA352F}.WinForms|Any CPU.ActiveCfg = Release|Any CPU
		{D0F2B3C4-AE83-46E1-82F7-5FB9B6CA352F}.WinForms|Any CPU.Build.0 = Release|Any CPU
		{D0F2B3C4-AE83-46E1-82F7-5FB9B6CA352F}.WinForms|Mixed Platforms.ActiveCfg = Release|Any CPU
		{D0F2B3C4-AE83-46E1-82F7-5FB9B6CA352F}.WinForms|Mixed Platforms.Build.0 = Release|Any CPU
		{D0F2B3C4-AE83-46E1-82F7-5FB9B6CA352F}.WinForms|x86.ActiveCfg = Release|Any CPU
		{D0F2B3C4-AE83-46E1-82F7-5FB9B6CA352F}.WinForms|x86.Build.0 = Release|Any CPU
		{7F643F3C-0F7B-451A-AA16-A9A25A56CCF3}.Basic|Any CPU.ActiveCfg = Release|Any CPU
		{7F643F3C-0F7B-451A-AA16-A9A25A56CCF3}.Basic|Any CPU.Build.0 = Release|Any CPU
		{7F643F3C-0F7B-451A-AA16-A9A25A56CCF3}.Basic|Mixed Platforms.ActiveCfg = Release|Any CPU
		{7F643F3C-0F7B-451A-AA16-A9A25A56CCF3}.Basic|Mixed Platforms.Build.0 = Release|Any CPU
		{7F643F3C-0F7B-451A-AA16-A9A25A56CCF3}.Basic|x86.ActiveCfg = Release|Any CPU
		{7F643F3C-0F7B-451A-AA16-A9A25A56CCF3}.Basic|x86.Build.0 = Release|Any CPU
		{7F643F3C-0F7B-451A-AA16-A9A25A56CCF3}.Debug|Any CPU.ActiveCfg = Debug|Any CPU
		{7F643F3C-0F7B-451A-AA16-A9A25A56CCF3}.Debug|Any CPU.Build.0 = Debug|Any CPU
		{7F643F3C-0F7B-451A-AA16-A9A25A56CCF3}.Debug|Mixed Platforms.ActiveCfg = Debug|Any CPU
		{7F643F3C-0F7B-451A-AA16-A9A25A56CCF3}.Debug|Mixed Platforms.Build.0 = Debug|Any CPU
		{7F643F3C-0F7B-451A-AA16-A9A25A56CCF3}.Debug|x86.ActiveCfg = Debug|Any CPU
		{7F643F3C-0F7B-451A-AA16-A9A25A56CCF3}.Debug|x86.Build.0 = Debug|Any CPU
		{7F643F3C-0F7B-451A-AA16-A9A25A56CCF3}.Demo|Any CPU.ActiveCfg = Debug|Any CPU
		{7F643F3C-0F7B-451A-AA16-A9A25A56CCF3}.Demo|Any CPU.Build.0 = Debug|Any CPU
		{7F643F3C-0F7B-451A-AA16-A9A25A56CCF3}.Demo|Mixed Platforms.ActiveCfg = Debug|Any CPU
		{7F643F3C-0F7B-451A-AA16-A9A25A56CCF3}.Demo|Mixed Platforms.Build.0 = Debug|Any CPU
		{7F643F3C-0F7B-451A-AA16-A9A25A56CCF3}.Demo|x86.ActiveCfg = Debug|Any CPU
		{7F643F3C-0F7B-451A-AA16-A9A25A56CCF3}.Demo|x86.Build.0 = Debug|Any CPU
		{7F643F3C-0F7B-451A-AA16-A9A25A56CCF3}.Release|Any CPU.ActiveCfg = Release|Any CPU
		{7F643F3C-0F7B-451A-AA16-A9A25A56CCF3}.Release|Any CPU.Build.0 = Release|Any CPU
		{7F643F3C-0F7B-451A-AA16-A9A25A56CCF3}.Release|Mixed Platforms.ActiveCfg = Release|Any CPU
		{7F643F3C-0F7B-451A-AA16-A9A25A56CCF3}.Release|Mixed Platforms.Build.0 = Release|Any CPU
		{7F643F3C-0F7B-451A-AA16-A9A25A56CCF3}.Release|x86.ActiveCfg = Release|Any CPU
		{7F643F3C-0F7B-451A-AA16-A9A25A56CCF3}.Release|x86.Build.0 = Release|Any CPU
		{7F643F3C-0F7B-451A-AA16-A9A25A56CCF3}.WinForms|Any CPU.ActiveCfg = Release|Any CPU
		{7F643F3C-0F7B-451A-AA16-A9A25A56CCF3}.WinForms|Any CPU.Build.0 = Release|Any CPU
		{7F643F3C-0F7B-451A-AA16-A9A25A56CCF3}.WinForms|Mixed Platforms.ActiveCfg = Release|Any CPU
		{7F643F3C-0F7B-451A-AA16-A9A25A56CCF3}.WinForms|Mixed Platforms.Build.0 = Release|Any CPU
		{7F643F3C-0F7B-451A-AA16-A9A25A56CCF3}.WinForms|x86.ActiveCfg = Release|Any CPU
		{7F643F3C-0F7B-451A-AA16-A9A25A56CCF3}.WinForms|x86.Build.0 = Release|Any CPU
		{A4E7F0EA-8360-41F2-A625-517F6E943A29}.Basic|Any CPU.ActiveCfg = Debug|Any CPU
		{A4E7F0EA-8360-41F2-A625-517F6E943A29}.Basic|Any CPU.Build.0 = Debug|Any CPU
		{A4E7F0EA-8360-41F2-A625-517F6E943A29}.Basic|Mixed Platforms.ActiveCfg = Debug|Any CPU
		{A4E7F0EA-8360-41F2-A625-517F6E943A29}.Basic|Mixed Platforms.Build.0 = Debug|Any CPU
		{A4E7F0EA-8360-41F2-A625-517F6E943A29}.Basic|x86.ActiveCfg = Debug|Any CPU
		{A4E7F0EA-8360-41F2-A625-517F6E943A29}.Basic|x86.Build.0 = Debug|Any CPU
		{A4E7F0EA-8360-41F2-A625-517F6E943A29}.Debug|Any CPU.ActiveCfg = Debug|Any CPU
		{A4E7F0EA-8360-41F2-A625-517F6E943A29}.Debug|Any CPU.Build.0 = Debug|Any CPU
		{A4E7F0EA-8360-41F2-A625-517F6E943A29}.Debug|Mixed Platforms.ActiveCfg = Debug|Any CPU
		{A4E7F0EA-8360-41F2-A625-517F6E943A29}.Debug|Mixed Platforms.Build.0 = Debug|Any CPU
		{A4E7F0EA-8360-41F2-A625-517F6E943A29}.Debug|x86.ActiveCfg = Debug|Any CPU
		{A4E7F0EA-8360-41F2-A625-517F6E943A29}.Debug|x86.Build.0 = Debug|Any CPU
		{A4E7F0EA-8360-41F2-A625-517F6E943A29}.Demo|Any CPU.ActiveCfg = Debug|Any CPU
		{A4E7F0EA-8360-41F2-A625-517F6E943A29}.Demo|Any CPU.Build.0 = Debug|Any CPU
		{A4E7F0EA-8360-41F2-A625-517F6E943A29}.Demo|Mixed Platforms.ActiveCfg = Debug|Any CPU
		{A4E7F0EA-8360-41F2-A625-517F6E943A29}.Demo|Mixed Platforms.Build.0 = Debug|Any CPU
		{A4E7F0EA-8360-41F2-A625-517F6E943A29}.Demo|x86.ActiveCfg = Debug|Any CPU
		{A4E7F0EA-8360-41F2-A625-517F6E943A29}.Demo|x86.Build.0 = Debug|Any CPU
		{A4E7F0EA-8360-41F2-A625-517F6E943A29}.Release|Any CPU.ActiveCfg = Release|Any CPU
		{A4E7F0EA-8360-41F2-A625-517F6E943A29}.Release|Any CPU.Build.0 = Release|Any CPU
		{A4E7F0EA-8360-41F2-A625-517F6E943A29}.Release|Mixed Platforms.ActiveCfg = Release|Any CPU
		{A4E7F0EA-8360-41F2-A625-517F6E943A29}.Release|Mixed Platforms.Build.0 = Release|Any CPU
		{A4E7F0EA-8360-41F2-A625-517F6E943A29}.Release|x86.ActiveCfg = Release|Any CPU
		{A4E7F0EA-8360-41F2-A625-517F6E943A29}.Release|x86.Build.0 = Release|Any CPU
		{A4E7F0EA-8360-41F2-A625-517F6E943A29}.WinForms|Any CPU.ActiveCfg = Debug|Any CPU
		{A4E7F0EA-8360-41F2-A625-517F6E943A29}.WinForms|Any CPU.Build.0 = Debug|Any CPU
		{A4E7F0EA-8360-41F2-A625-517F6E943A29}.WinForms|Mixed Platforms.ActiveCfg = Debug|Any CPU
		{A4E7F0EA-8360-41F2-A625-517F6E943A29}.WinForms|Mixed Platforms.Build.0 = Debug|Any CPU
		{A4E7F0EA-8360-41F2-A625-517F6E943A29}.WinForms|x86.ActiveCfg = Debug|Any CPU
		{A4E7F0EA-8360-41F2-A625-517F6E943A29}.WinForms|x86.Build.0 = Debug|Any CPU
		{18488CE5-C06F-40F5-9339-0467A47D7985}.Basic|Any CPU.ActiveCfg = Debug|Any CPU
		{18488CE5-C06F-40F5-9339-0467A47D7985}.Basic|Any CPU.Build.0 = Debug|Any CPU
		{18488CE5-C06F-40F5-9339-0467A47D7985}.Basic|Mixed Platforms.ActiveCfg = Debug|Any CPU
		{18488CE5-C06F-40F5-9339-0467A47D7985}.Basic|Mixed Platforms.Build.0 = Debug|Any CPU
		{18488CE5-C06F-40F5-9339-0467A47D7985}.Basic|x86.ActiveCfg = Debug|Any CPU
		{18488CE5-C06F-40F5-9339-0467A47D7985}.Basic|x86.Build.0 = Debug|Any CPU
		{18488CE5-C06F-40F5-9339-0467A47D7985}.Debug|Any CPU.ActiveCfg = Debug|Any CPU
		{18488CE5-C06F-40F5-9339-0467A47D7985}.Debug|Any CPU.Build.0 = Debug|Any CPU
		{18488CE5-C06F-40F5-9339-0467A47D7985}.Debug|Mixed Platforms.ActiveCfg = Debug|Any CPU
		{18488CE5-C06F-40F5-9339-0467A47D7985}.Debug|Mixed Platforms.Build.0 = Debug|Any CPU
		{18488CE5-C06F-40F5-9339-0467A47D7985}.Debug|x86.ActiveCfg = Debug|Any CPU
		{18488CE5-C06F-40F5-9339-0467A47D7985}.Debug|x86.Build.0 = Debug|Any CPU
		{18488CE5-C06F-40F5-9339-0467A47D7985}.Demo|Any CPU.ActiveCfg = Debug|Any CPU
		{18488CE5-C06F-40F5-9339-0467A47D7985}.Demo|Any CPU.Build.0 = Debug|Any CPU
		{18488CE5-C06F-40F5-9339-0467A47D7985}.Demo|Mixed Platforms.ActiveCfg = Debug|Any CPU
		{18488CE5-C06F-40F5-9339-0467A47D7985}.Demo|Mixed Platforms.Build.0 = Debug|Any CPU
		{18488CE5-C06F-40F5-9339-0467A47D7985}.Demo|x86.ActiveCfg = Debug|Any CPU
		{18488CE5-C06F-40F5-9339-0467A47D7985}.Demo|x86.Build.0 = Debug|Any CPU
		{18488CE5-C06F-40F5-9339-0467A47D7985}.Release|Any CPU.ActiveCfg = Release|Any CPU
		{18488CE5-C06F-40F5-9339-0467A47D7985}.Release|Any CPU.Build.0 = Release|Any CPU
		{18488CE5-C06F-40F5-9339-0467A47D7985}.Release|Mixed Platforms.ActiveCfg = Release|Any CPU
		{18488CE5-C06F-40F5-9339-0467A47D7985}.Release|Mixed Platforms.Build.0 = Release|Any CPU
		{18488CE5-C06F-40F5-9339-0467A47D7985}.Release|x86.ActiveCfg = Release|Any CPU
		{18488CE5-C06F-40F5-9339-0467A47D7985}.Release|x86.Build.0 = Release|Any CPU
		{18488CE5-C06F-40F5-9339-0467A47D7985}.WinForms|Any CPU.ActiveCfg = Debug|Any CPU
		{18488CE5-C06F-40F5-9339-0467A47D7985}.WinForms|Any CPU.Build.0 = Debug|Any CPU
		{18488CE5-C06F-40F5-9339-0467A47D7985}.WinForms|Mixed Platforms.ActiveCfg = Debug|Any CPU
		{18488CE5-C06F-40F5-9339-0467A47D7985}.WinForms|Mixed Platforms.Build.0 = Debug|Any CPU
		{18488CE5-C06F-40F5-9339-0467A47D7985}.WinForms|x86.ActiveCfg = Debug|Any CPU
		{18488CE5-C06F-40F5-9339-0467A47D7985}.WinForms|x86.Build.0 = Debug|Any CPU
		{E23BDF58-F0A9-40AC-ACCE-57235FB7A7F1}.Basic|Any CPU.ActiveCfg = Debug|Any CPU
		{E23BDF58-F0A9-40AC-ACCE-57235FB7A7F1}.Basic|Any CPU.Build.0 = Debug|Any CPU
		{E23BDF58-F0A9-40AC-ACCE-57235FB7A7F1}.Basic|Mixed Platforms.ActiveCfg = Debug|Any CPU
		{E23BDF58-F0A9-40AC-ACCE-57235FB7A7F1}.Basic|Mixed Platforms.Build.0 = Debug|Any CPU
		{E23BDF58-F0A9-40AC-ACCE-57235FB7A7F1}.Basic|x86.ActiveCfg = Debug|Any CPU
		{E23BDF58-F0A9-40AC-ACCE-57235FB7A7F1}.Basic|x86.Build.0 = Debug|Any CPU
		{E23BDF58-F0A9-40AC-ACCE-57235FB7A7F1}.Debug|Any CPU.ActiveCfg = Debug|Any CPU
		{E23BDF58-F0A9-40AC-ACCE-57235FB7A7F1}.Debug|Any CPU.Build.0 = Debug|Any CPU
		{E23BDF58-F0A9-40AC-ACCE-57235FB7A7F1}.Debug|Mixed Platforms.ActiveCfg = Debug|Any CPU
		{E23BDF58-F0A9-40AC-ACCE-57235FB7A7F1}.Debug|Mixed Platforms.Build.0 = Debug|Any CPU
		{E23BDF58-F0A9-40AC-ACCE-57235FB7A7F1}.Debug|x86.ActiveCfg = Debug|Any CPU
		{E23BDF58-F0A9-40AC-ACCE-57235FB7A7F1}.Debug|x86.Build.0 = Debug|Any CPU
		{E23BDF58-F0A9-40AC-ACCE-57235FB7A7F1}.Demo|Any CPU.ActiveCfg = Debug|Any CPU
		{E23BDF58-F0A9-40AC-ACCE-57235FB7A7F1}.Demo|Any CPU.Build.0 = Debug|Any CPU
		{E23BDF58-F0A9-40AC-ACCE-57235FB7A7F1}.Demo|Mixed Platforms.ActiveCfg = Debug|Any CPU
		{E23BDF58-F0A9-40AC-ACCE-57235FB7A7F1}.Demo|Mixed Platforms.Build.0 = Debug|Any CPU
		{E23BDF58-F0A9-40AC-ACCE-57235FB7A7F1}.Demo|x86.ActiveCfg = Debug|Any CPU
		{E23BDF58-F0A9-40AC-ACCE-57235FB7A7F1}.Demo|x86.Build.0 = Debug|Any CPU
		{E23BDF58-F0A9-40AC-ACCE-57235FB7A7F1}.Release|Any CPU.ActiveCfg = Release|Any CPU
		{E23BDF58-F0A9-40AC-ACCE-57235FB7A7F1}.Release|Any CPU.Build.0 = Release|Any CPU
		{E23BDF58-F0A9-40AC-ACCE-57235FB7A7F1}.Release|Mixed Platforms.ActiveCfg = Release|Any CPU
		{E23BDF58-F0A9-40AC-ACCE-57235FB7A7F1}.Release|Mixed Platforms.Build.0 = Release|Any CPU
		{E23BDF58-F0A9-40AC-ACCE-57235FB7A7F1}.Release|x86.ActiveCfg = Release|Any CPU
		{E23BDF58-F0A9-40AC-ACCE-57235FB7A7F1}.Release|x86.Build.0 = Release|Any CPU
		{E23BDF58-F0A9-40AC-ACCE-57235FB7A7F1}.WinForms|Any CPU.ActiveCfg = Debug|Any CPU
		{E23BDF58-F0A9-40AC-ACCE-57235FB7A7F1}.WinForms|Any CPU.Build.0 = Debug|Any CPU
		{E23BDF58-F0A9-40AC-ACCE-57235FB7A7F1}.WinForms|Mixed Platforms.ActiveCfg = Debug|Any CPU
		{E23BDF58-F0A9-40AC-ACCE-57235FB7A7F1}.WinForms|Mixed Platforms.Build.0 = Debug|Any CPU
		{E23BDF58-F0A9-40AC-ACCE-57235FB7A7F1}.WinForms|x86.ActiveCfg = Debug|Any CPU
		{E23BDF58-F0A9-40AC-ACCE-57235FB7A7F1}.WinForms|x86.Build.0 = Debug|Any CPU
		{50C2F757-8478-4FD3-8B35-89BC12E7ACA0}.Basic|Any CPU.ActiveCfg = Debug|Any CPU
		{50C2F757-8478-4FD3-8B35-89BC12E7ACA0}.Basic|Any CPU.Build.0 = Debug|Any CPU
		{50C2F757-8478-4FD3-8B35-89BC12E7ACA0}.Basic|Mixed Platforms.ActiveCfg = Debug|Any CPU
		{50C2F757-8478-4FD3-8B35-89BC12E7ACA0}.Basic|Mixed Platforms.Build.0 = Debug|Any CPU
		{50C2F757-8478-4FD3-8B35-89BC12E7ACA0}.Basic|x86.ActiveCfg = Debug|Any CPU
		{50C2F757-8478-4FD3-8B35-89BC12E7ACA0}.Basic|x86.Build.0 = Debug|Any CPU
		{50C2F757-8478-4FD3-8B35-89BC12E7ACA0}.Debug|Any CPU.ActiveCfg = Debug|Any CPU
		{50C2F757-8478-4FD3-8B35-89BC12E7ACA0}.Debug|Any CPU.Build.0 = Debug|Any CPU
		{50C2F757-8478-4FD3-8B35-89BC12E7ACA0}.Debug|Mixed Platforms.ActiveCfg = Debug|Any CPU
		{50C2F757-8478-4FD3-8B35-89BC12E7ACA0}.Debug|Mixed Platforms.Build.0 = Debug|Any CPU
		{50C2F757-8478-4FD3-8B35-89BC12E7ACA0}.Debug|x86.ActiveCfg = Debug|Any CPU
		{50C2F757-8478-4FD3-8B35-89BC12E7ACA0}.Debug|x86.Build.0 = Debug|Any CPU
		{50C2F757-8478-4FD3-8B35-89BC12E7ACA0}.Demo|Any CPU.ActiveCfg = Debug|Any CPU
		{50C2F757-8478-4FD3-8B35-89BC12E7ACA0}.Demo|Any CPU.Build.0 = Debug|Any CPU
		{50C2F757-8478-4FD3-8B35-89BC12E7ACA0}.Demo|Mixed Platforms.ActiveCfg = Debug|Any CPU
		{50C2F757-8478-4FD3-8B35-89BC12E7ACA0}.Demo|Mixed Platforms.Build.0 = Debug|Any CPU
		{50C2F757-8478-4FD3-8B35-89BC12E7ACA0}.Demo|x86.ActiveCfg = Debug|Any CPU
		{50C2F757-8478-4FD3-8B35-89BC12E7ACA0}.Demo|x86.Build.0 = Debug|Any CPU
		{50C2F757-8478-4FD3-8B35-89BC12E7ACA0}.Release|Any CPU.ActiveCfg = Release|Any CPU
		{50C2F757-8478-4FD3-8B35-89BC12E7ACA0}.Release|Any CPU.Build.0 = Release|Any CPU
		{50C2F757-8478-4FD3-8B35-89BC12E7ACA0}.Release|Mixed Platforms.ActiveCfg = Release|Any CPU
		{50C2F757-8478-4FD3-8B35-89BC12E7ACA0}.Release|Mixed Platforms.Build.0 = Release|Any CPU
		{50C2F757-8478-4FD3-8B35-89BC12E7ACA0}.Release|x86.ActiveCfg = Release|Any CPU
		{50C2F757-8478-4FD3-8B35-89BC12E7ACA0}.Release|x86.Build.0 = Release|Any CPU
		{50C2F757-8478-4FD3-8B35-89BC12E7ACA0}.WinForms|Any CPU.ActiveCfg = Debug|Any CPU
		{50C2F757-8478-4FD3-8B35-89BC12E7ACA0}.WinForms|Any CPU.Build.0 = Debug|Any CPU
		{50C2F757-8478-4FD3-8B35-89BC12E7ACA0}.WinForms|Mixed Platforms.ActiveCfg = Debug|Any CPU
		{50C2F757-8478-4FD3-8B35-89BC12E7ACA0}.WinForms|Mixed Platforms.Build.0 = Debug|Any CPU
		{50C2F757-8478-4FD3-8B35-89BC12E7ACA0}.WinForms|x86.ActiveCfg = Debug|Any CPU
		{50C2F757-8478-4FD3-8B35-89BC12E7ACA0}.WinForms|x86.Build.0 = Debug|Any CPU
		{1C688B96-9FCC-465A-9347-1F933C703E21}.Basic|Any CPU.ActiveCfg = Debug|Any CPU
		{1C688B96-9FCC-465A-9347-1F933C703E21}.Basic|Any CPU.Build.0 = Debug|Any CPU
		{1C688B96-9FCC-465A-9347-1F933C703E21}.Basic|Mixed Platforms.ActiveCfg = Debug|Any CPU
		{1C688B96-9FCC-465A-9347-1F933C703E21}.Basic|Mixed Platforms.Build.0 = Debug|Any CPU
		{1C688B96-9FCC-465A-9347-1F933C703E21}.Basic|x86.ActiveCfg = Debug|Any CPU
		{1C688B96-9FCC-465A-9347-1F933C703E21}.Basic|x86.Build.0 = Debug|Any CPU
		{1C688B96-9FCC-465A-9347-1F933C703E21}.Debug|Any CPU.ActiveCfg = Debug|Any CPU
		{1C688B96-9FCC-465A-9347-1F933C703E21}.Debug|Any CPU.Build.0 = Debug|Any CPU
		{1C688B96-9FCC-465A-9347-1F933C703E21}.Debug|Mixed Platforms.ActiveCfg = Debug|Any CPU
		{1C688B96-9FCC-465A-9347-1F933C703E21}.Debug|Mixed Platforms.Build.0 = Debug|Any CPU
		{1C688B96-9FCC-465A-9347-1F933C703E21}.Debug|x86.ActiveCfg = Debug|Any CPU
		{1C688B96-9FCC-465A-9347-1F933C703E21}.Debug|x86.Build.0 = Debug|Any CPU
		{1C688B96-9FCC-465A-9347-1F933C703E21}.Demo|Any CPU.ActiveCfg = Debug|Any CPU
		{1C688B96-9FCC-465A-9347-1F933C703E21}.Demo|Any CPU.Build.0 = Debug|Any CPU
		{1C688B96-9FCC-465A-9347-1F933C703E21}.Demo|Mixed Platforms.ActiveCfg = Debug|Any CPU
		{1C688B96-9FCC-465A-9347-1F933C703E21}.Demo|Mixed Platforms.Build.0 = Debug|Any CPU
		{1C688B96-9FCC-465A-9347-1F933C703E21}.Demo|x86.ActiveCfg = Debug|Any CPU
		{1C688B96-9FCC-465A-9347-1F933C703E21}.Demo|x86.Build.0 = Debug|Any CPU
		{1C688B96-9FCC-465A-9347-1F933C703E21}.Release|Any CPU.ActiveCfg = Release|Any CPU
		{1C688B96-9FCC-465A-9347-1F933C703E21}.Release|Any CPU.Build.0 = Release|Any CPU
		{1C688B96-9FCC-465A-9347-1F933C703E21}.Release|Mixed Platforms.ActiveCfg = Release|Any CPU
		{1C688B96-9FCC-465A-9347-1F933C703E21}.Release|Mixed Platforms.Build.0 = Release|Any CPU
		{1C688B96-9FCC-465A-9347-1F933C703E21}.Release|x86.ActiveCfg = Release|Any CPU
		{1C688B96-9FCC-465A-9347-1F933C703E21}.Release|x86.Build.0 = Release|Any CPU
		{1C688B96-9FCC-465A-9347-1F933C703E21}.WinForms|Any CPU.ActiveCfg = Debug|Any CPU
		{1C688B96-9FCC-465A-9347-1F933C703E21}.WinForms|Any CPU.Build.0 = Debug|Any CPU
		{1C688B96-9FCC-465A-9347-1F933C703E21}.WinForms|Mixed Platforms.ActiveCfg = Debug|Any CPU
		{1C688B96-9FCC-465A-9347-1F933C703E21}.WinForms|Mixed Platforms.Build.0 = Debug|Any CPU
		{1C688B96-9FCC-465A-9347-1F933C703E21}.WinForms|x86.ActiveCfg = Debug|Any CPU
		{1C688B96-9FCC-465A-9347-1F933C703E21}.WinForms|x86.Build.0 = Debug|Any CPU
		{E39A7986-4C2F-4EBE-A31B-59C766150EAC}.Basic|Any CPU.ActiveCfg = Debug|Any CPU
		{E39A7986-4C2F-4EBE-A31B-59C766150EAC}.Basic|Any CPU.Build.0 = Debug|Any CPU
		{E39A7986-4C2F-4EBE-A31B-59C766150EAC}.Basic|Mixed Platforms.ActiveCfg = Debug|Any CPU
		{E39A7986-4C2F-4EBE-A31B-59C766150EAC}.Basic|Mixed Platforms.Build.0 = Debug|Any CPU
		{E39A7986-4C2F-4EBE-A31B-59C766150EAC}.Basic|x86.ActiveCfg = Debug|Any CPU
		{E39A7986-4C2F-4EBE-A31B-59C766150EAC}.Basic|x86.Build.0 = Debug|Any CPU
		{E39A7986-4C2F-4EBE-A31B-59C766150EAC}.Debug|Any CPU.ActiveCfg = Debug|Any CPU
		{E39A7986-4C2F-4EBE-A31B-59C766150EAC}.Debug|Any CPU.Build.0 = Debug|Any CPU
		{E39A7986-4C2F-4EBE-A31B-59C766150EAC}.Debug|Mixed Platforms.ActiveCfg = Debug|Any CPU
		{E39A7986-4C2F-4EBE-A31B-59C766150EAC}.Debug|Mixed Platforms.Build.0 = Debug|Any CPU
		{E39A7986-4C2F-4EBE-A31B-59C766150EAC}.Debug|x86.ActiveCfg = Debug|Any CPU
		{E39A7986-4C2F-4EBE-A31B-59C766150EAC}.Debug|x86.Build.0 = Debug|Any CPU
		{E39A7986-4C2F-4EBE-A31B-59C766150EAC}.Demo|Any CPU.ActiveCfg = Debug|Any CPU
		{E39A7986-4C2F-4EBE-A31B-59C766150EAC}.Demo|Any CPU.Build.0 = Debug|Any CPU
		{E39A7986-4C2F-4EBE-A31B-59C766150EAC}.Demo|Mixed Platforms.ActiveCfg = Debug|Any CPU
		{E39A7986-4C2F-4EBE-A31B-59C766150EAC}.Demo|Mixed Platforms.Build.0 = Debug|Any CPU
		{E39A7986-4C2F-4EBE-A31B-59C766150EAC}.Demo|x86.ActiveCfg = Debug|Any CPU
		{E39A7986-4C2F-4EBE-A31B-59C766150EAC}.Demo|x86.Build.0 = Debug|Any CPU
		{E39A7986-4C2F-4EBE-A31B-59C766150EAC}.Release|Any CPU.ActiveCfg = Release|Any CPU
		{E39A7986-4C2F-4EBE-A31B-59C766150EAC}.Release|Any CPU.Build.0 = Release|Any CPU
		{E39A7986-4C2F-4EBE-A31B-59C766150EAC}.Release|Mixed Platforms.ActiveCfg = Release|Any CPU
		{E39A7986-4C2F-4EBE-A31B-59C766150EAC}.Release|Mixed Platforms.Build.0 = Release|Any CPU
		{E39A7986-4C2F-4EBE-A31B-59C766150EAC}.Release|x86.ActiveCfg = Release|Any CPU
		{E39A7986-4C2F-4EBE-A31B-59C766150EAC}.Release|x86.Build.0 = Release|Any CPU
		{E39A7986-4C2F-4EBE-A31B-59C766150EAC}.WinForms|Any CPU.ActiveCfg = Debug|Any CPU
		{E39A7986-4C2F-4EBE-A31B-59C766150EAC}.WinForms|Any CPU.Build.0 = Debug|Any CPU
		{E39A7986-4C2F-4EBE-A31B-59C766150EAC}.WinForms|Mixed Platforms.ActiveCfg = Debug|Any CPU
		{E39A7986-4C2F-4EBE-A31B-59C766150EAC}.WinForms|Mixed Platforms.Build.0 = Debug|Any CPU
		{E39A7986-4C2F-4EBE-A31B-59C766150EAC}.WinForms|x86.ActiveCfg = Debug|Any CPU
		{E39A7986-4C2F-4EBE-A31B-59C766150EAC}.WinForms|x86.Build.0 = Debug|Any CPU
	EndGlobalSection
	GlobalSection(SolutionProperties) = preSolution
		HideSolutionNode = FALSE
	EndGlobalSection
	GlobalSection(NestedProjects) = preSolution
		{692407AF-FE0E-4D94-8DB1-BE8B210017BA} = {A5B28328-FBED-45CE-A530-184308495E09}
		{7BC439DE-3799-461A-8FC1-D7F1644667FB} = {A5B28328-FBED-45CE-A530-184308495E09}
		{FF9298DD-4B4B-412F-A260-E504D0079EAD} = {A5B28328-FBED-45CE-A530-184308495E09}
		{D0F2B3C4-AE83-46E1-82F7-5FB9B6CA352F} = {A5B28328-FBED-45CE-A530-184308495E09}
		{7F643F3C-0F7B-451A-AA16-A9A25A56CCF3} = {3BEC1553-10A8-4ED7-9ED9-347A0D6C671F}
		{1C688B96-9FCC-465A-9347-1F933C703E21} = {37768CD0-31B5-4547-8CA2-F69A2BC0BD99}
		{E39A7986-4C2F-4EBE-A31B-59C766150EAC} = {37768CD0-31B5-4547-8CA2-F69A2BC0BD99}
	EndGlobalSection
	GlobalSection(ExtensibilityGlobals) = postSolution
		SolutionGuid = {775E1DFA-A1DB-4B25-B9FD-98B7A5716AFE}
	EndGlobalSection
	GlobalSection(MonoDevelopProperties) = preSolution
		StartupItem = POS\POS.csproj
		Policies = $0
		$0.DotNetNamingPolicy = $1
		$1.DirectoryNamespaceAssociation = None
		$1.ResourceNamePolicy = FileFormatDefault
		$0.TextStylePolicy = $3
		$2.FileWidth = 120
		$2.TabWidth = 2
		$2.IndentWidth = 2
		$2.inheritsSet = Mono
		$2.inheritsScope = text/plain
		$2.scope = text/plain
		$3.FileWidth = 120
		$3.TabWidth = 2
		$3.IndentWidth = 2
		$3.inheritsSet = Mono
		$3.inheritsScope = text/plain
		$3.scope = text/x-csharp
		$0.CSharpFormattingPolicy = $4
		$4.AfterDelegateDeclarationParameterComma = True
		$4.inheritsSet = Mono
		$4.inheritsScope = text/x-csharp
		$4.scope = text/x-csharp
		$0.StandardHeader = $5
		$5.Text = 
		$5.IncludeInNewFiles = True
		$0.NameConventionPolicy = $6
		$6.Rules = $7
		$7.NamingRule = $27
		$8.Name = Namespaces
		$8.AffectedEntity = Namespace
		$8.VisibilityMask = VisibilityMask
		$8.NamingStyle = PascalCase
		$8.IncludeInstanceMembers = True
		$8.IncludeStaticEntities = True
		$9.Name = Types
		$9.AffectedEntity = Class, Struct, Enum, Delegate
		$9.VisibilityMask = Public
		$9.NamingStyle = PascalCase
		$9.IncludeInstanceMembers = True
		$9.IncludeStaticEntities = True
		$10.Name = Interfaces
		$10.RequiredPrefixes = $11
		$11.String = I
		$10.AffectedEntity = Interface
		$10.VisibilityMask = Public
		$10.NamingStyle = PascalCase
		$10.IncludeInstanceMembers = True
		$10.IncludeStaticEntities = True
		$12.Name = Attributes
		$12.RequiredSuffixes = $13
		$13.String = Attribute
		$12.AffectedEntity = CustomAttributes
		$12.VisibilityMask = Public
		$12.NamingStyle = PascalCase
		$12.IncludeInstanceMembers = True
		$12.IncludeStaticEntities = True
		$14.Name = Event Arguments
		$14.RequiredSuffixes = $15
		$15.String = EventArgs
		$14.AffectedEntity = CustomEventArgs
		$14.VisibilityMask = Public
		$14.NamingStyle = PascalCase
		$14.IncludeInstanceMembers = True
		$14.IncludeStaticEntities = True
		$16.Name = Exceptions
		$16.RequiredSuffixes = $17
		$17.String = Exception
		$16.AffectedEntity = CustomExceptions
		$16.VisibilityMask = VisibilityMask
		$16.NamingStyle = PascalCase
		$16.IncludeInstanceMembers = True
		$16.IncludeStaticEntities = True
		$18.Name = Methods
		$18.AffectedEntity = Methods
		$18.VisibilityMask = Protected, Public
		$18.NamingStyle = PascalCase
		$18.IncludeInstanceMembers = True
		$18.IncludeStaticEntities = True
		$19.Name = Static Readonly Fields
		$19.AffectedEntity = ReadonlyField
		$19.VisibilityMask = Protected, Public
		$19.NamingStyle = PascalCase
		$19.IncludeInstanceMembers = False
		$19.IncludeStaticEntities = True
		$20.Name = Fields
		$20.AffectedEntity = Field
		$20.VisibilityMask = Protected, Public
		$20.NamingStyle = PascalCase
		$20.IncludeInstanceMembers = True
		$20.IncludeStaticEntities = True
		$21.Name = ReadOnly Fields
		$21.AffectedEntity = ReadonlyField
		$21.VisibilityMask = Protected, Public
		$21.NamingStyle = PascalCase
		$21.IncludeInstanceMembers = True
		$21.IncludeStaticEntities = False
		$22.Name = Constant Fields
		$22.AffectedEntity = ConstantField
		$22.VisibilityMask = Protected, Public
		$22.NamingStyle = PascalCase
		$22.IncludeInstanceMembers = True
		$22.IncludeStaticEntities = True
		$23.Name = Properties
		$23.AffectedEntity = Property
		$23.VisibilityMask = Protected, Public
		$23.NamingStyle = PascalCase
		$23.IncludeInstanceMembers = True
		$23.IncludeStaticEntities = True
		$24.Name = Events
		$24.AffectedEntity = Event
		$24.VisibilityMask = Protected, Public
		$24.NamingStyle = PascalCase
		$24.IncludeInstanceMembers = True
		$24.IncludeStaticEntities = True
		$25.Name = Enum Members
		$25.AffectedEntity = EnumMember
		$25.VisibilityMask = VisibilityMask
		$25.NamingStyle = PascalCase
		$25.IncludeInstanceMembers = True
		$25.IncludeStaticEntities = True
		$26.Name = Parameters
		$26.AffectedEntity = Parameter
		$26.VisibilityMask = VisibilityMask
		$26.NamingStyle = CamelCase
		$26.IncludeInstanceMembers = True
		$26.IncludeStaticEntities = True
		$27.Name = Type Parameters
		$27.RequiredPrefixes = $28
		$28.String = T
		$27.AffectedEntity = TypeParameter
		$27.VisibilityMask = VisibilityMask
		$27.NamingStyle = PascalCase
		$27.IncludeInstanceMembers = True
		$27.IncludeStaticEntities = True
		$0.VersionControlPolicy = $29
		$29.inheritsSet = Mono
		$0.ChangeLogPolicy = $30
		$30.UpdateMode = None
		$30.MessageStyle = $31
		$31.LineAlign = 0
		$30.inheritsSet = Mono
	EndGlobalSection
EndGlobal
