
Microsoft Visual Studio Solution File, Format Version 12.00
# Visual Studio Version 17
VisualStudioVersion = 17.0.31903.59
MinimumVisualStudioVersion = 10.0.40219.1
Project("{9A19103F-16F7-4668-BE54-9A1E7A4F7556}") = "logicpos", "LogicPOS.App\logicpos.csproj", "{A7C3E1B2-4D5F-4A61-9C8E-1B2D3E4F5061}"
EndProject
Project("{9A19103F-16F7-4668-BE54-9A1E7A4F7556}") = "LogicPOS.Core", "LogicPOS.Core\LogicPOS.Core.csproj", "{B8D4F2C3-5E60-4B72-8D9F-2C3E4F506172}"
EndProject
Project("{2150E333-8FDC-42A3-9474-1A3956D46DE8}") = "tests", "tests", "{0AB3BF05-4346-4AA6-1389-037BE0695223}"
EndProject
Project("{9A19103F-16F7-4668-BE54-9A1E7A4F7556}") = "LogicPOS.Core.Tests", "tests\LogicPOS.Core.Tests\LogicPOS.Core.Tests.csproj", "{037C6974-74DA-4DE5-A353-35D775CC54DC}"
EndProject
Project("{2150E333-8FDC-42A3-9474-1A3956D46DE8}") = "src", "src", "{827E0CD3-B72D-47B6-A68D-7590B98EB39B}"
EndProject
Project("{FAE04EC0-301F-11D3-BF4B-00C04F79EFBC}") = "LogicPOS.Domain", "src\LogicPOS.Domain\LogicPOS.Domain.csproj", "{B842A626-2EA8-4D09-B30E-FB7C9B90C0DF}"
EndProject
Project("{FAE04EC0-301F-11D3-BF4B-00C04F79EFBC}") = "LogicPOS.Application", "src\LogicPOS.Application\LogicPOS.Application.csproj", "{8006F1F5-209E-406F-8B90-9EC76DC65E27}"
EndProject
Project("{FAE04EC0-301F-11D3-BF4B-00C04F79EFBC}") = "LogicPOS.Shared", "src\LogicPOS.Shared\LogicPOS.Shared.csproj", "{13C09692-173F-4C0F-B2D4-B2C7050FA394}"
EndProject
Project("{2150E333-8FDC-42A3-9474-1A3956D46DE8}") = "Persistence", "Persistence", "{3BA5312F-4CB7-F189-D5EC-6A9485924027}"
EndProject
Project("{FAE04EC0-301F-11D3-BF4B-00C04F79EFBC}") = "LogicPOS.Persistence", "src\Persistence\LogicPOS.Persistence\LogicPOS.Persistence.csproj", "{D61DCB48-6F9E-4226-9DB6-C92B51A696AE}"
EndProject
Project("{2150E333-8FDC-42A3-9474-1A3956D46DE8}") = "Migrators", "Migrators", "{93753B5B-6D4E-4957-2162-431EAC43B3F8}"
EndProject
Project("{FAE04EC0-301F-11D3-BF4B-00C04F79EFBC}") = "LogicPOS.Persistence.Migrators.SQLite", "src\Persistence\Migrators\LogicPOS.Persistence.Migrators.SQLite\LogicPOS.Persistence.Migrators.SQLite.csproj", "{CDDEBBA7-CD62-4CC6-A2E5-297D73837B02}"
EndProject
Project("{FAE04EC0-301F-11D3-BF4B-00C04F79EFBC}") = "LogicPOS.Persistence.Migrators.MySQL", "src\Persistence\Migrators\LogicPOS.Persistence.Migrators.MySQL\LogicPOS.Persistence.Migrators.MySQL.csproj", "{C034834D-26CA-4DE0-8297-D004A4268743}"
EndProject
Project("{FAE04EC0-301F-11D3-BF4B-00C04F79EFBC}") = "LogicPOS.Persistence.Migrators.SQLServer", "src\Persistence\Migrators\LogicPOS.Persistence.Migrators.SQLServer\LogicPOS.Persistence.Migrators.SQLServer.csproj", "{0EE80832-7ED0-435D-8570-E6F4B1BAD229}"
EndProject
Global
	GlobalSection(SolutionConfigurationPlatforms) = preSolution
		Debug|Any CPU = Debug|Any CPU
		Debug|x64 = Debug|x64
		Debug|x86 = Debug|x86
		Release|Any CPU = Release|Any CPU
		Release|x64 = Release|x64
		Release|x86 = Release|x86
	EndGlobalSection
	GlobalSection(ProjectConfigurationPlatforms) = postSolution
		{A7C3E1B2-4D5F-4A61-9C8E-1B2D3E4F5061}.Debug|Any CPU.ActiveCfg = Debug|Any CPU
		{A7C3E1B2-4D5F-4A61-9C8E-1B2D3E4F5061}.Debug|Any CPU.Build.0 = Debug|Any CPU
		{A7C3E1B2-4D5F-4A61-9C8E-1B2D3E4F5061}.Debug|x64.ActiveCfg = Debug|Any CPU
		{A7C3E1B2-4D5F-4A61-9C8E-1B2D3E4F5061}.Debug|x64.Build.0 = Debug|Any CPU
		{A7C3E1B2-4D5F-4A61-9C8E-1B2D3E4F5061}.Debug|x86.ActiveCfg = Debug|Any CPU
		{A7C3E1B2-4D5F-4A61-9C8E-1B2D3E4F5061}.Debug|x86.Build.0 = Debug|Any CPU
		{A7C3E1B2-4D5F-4A61-9C8E-1B2D3E4F5061}.Release|Any CPU.ActiveCfg = Release|Any CPU
		{A7C3E1B2-4D5F-4A61-9C8E-1B2D3E4F5061}.Release|Any CPU.Build.0 = Release|Any CPU
		{A7C3E1B2-4D5F-4A61-9C8E-1B2D3E4F5061}.Release|x64.ActiveCfg = Release|Any CPU
		{A7C3E1B2-4D5F-4A61-9C8E-1B2D3E4F5061}.Release|x64.Build.0 = Release|Any CPU
		{A7C3E1B2-4D5F-4A61-9C8E-1B2D3E4F5061}.Release|x86.ActiveCfg = Release|Any CPU
		{A7C3E1B2-4D5F-4A61-9C8E-1B2D3E4F5061}.Release|x86.Build.0 = Release|Any CPU
		{B8D4F2C3-5E60-4B72-8D9F-2C3E4F506172}.Debug|Any CPU.ActiveCfg = Debug|Any CPU
		{B8D4F2C3-5E60-4B72-8D9F-2C3E4F506172}.Debug|Any CPU.Build.0 = Debug|Any CPU
		{B8D4F2C3-5E60-4B72-8D9F-2C3E4F506172}.Debug|x64.ActiveCfg = Debug|Any CPU
		{B8D4F2C3-5E60-4B72-8D9F-2C3E4F506172}.Debug|x64.Build.0 = Debug|Any CPU
		{B8D4F2C3-5E60-4B72-8D9F-2C3E4F506172}.Debug|x86.ActiveCfg = Debug|Any CPU
		{B8D4F2C3-5E60-4B72-8D9F-2C3E4F506172}.Debug|x86.Build.0 = Debug|Any CPU
		{B8D4F2C3-5E60-4B72-8D9F-2C3E4F506172}.Release|Any CPU.ActiveCfg = Release|Any CPU
		{B8D4F2C3-5E60-4B72-8D9F-2C3E4F506172}.Release|Any CPU.Build.0 = Release|Any CPU
		{B8D4F2C3-5E60-4B72-8D9F-2C3E4F506172}.Release|x64.ActiveCfg = Release|Any CPU
		{B8D4F2C3-5E60-4B72-8D9F-2C3E4F506172}.Release|x64.Build.0 = Release|Any CPU
		{B8D4F2C3-5E60-4B72-8D9F-2C3E4F506172}.Release|x86.ActiveCfg = Release|Any CPU
		{B8D4F2C3-5E60-4B72-8D9F-2C3E4F506172}.Release|x86.Build.0 = Release|Any CPU
		{037C6974-74DA-4DE5-A353-35D775CC54DC}.Debug|Any CPU.ActiveCfg = Debug|Any CPU
		{037C6974-74DA-4DE5-A353-35D775CC54DC}.Debug|Any CPU.Build.0 = Debug|Any CPU
		{037C6974-74DA-4DE5-A353-35D775CC54DC}.Debug|x64.ActiveCfg = Debug|Any CPU
		{037C6974-74DA-4DE5-A353-35D775CC54DC}.Debug|x64.Build.0 = Debug|Any CPU
		{037C6974-74DA-4DE5-A353-35D775CC54DC}.Debug|x86.ActiveCfg = Debug|Any CPU
		{037C6974-74DA-4DE5-A353-35D775CC54DC}.Debug|x86.Build.0 = Debug|Any CPU
		{037C6974-74DA-4DE5-A353-35D775CC54DC}.Release|Any CPU.ActiveCfg = Release|Any CPU
		{037C6974-74DA-4DE5-A353-35D775CC54DC}.Release|Any CPU.Build.0 = Release|Any CPU
		{037C6974-74DA-4DE5-A353-35D775CC54DC}.Release|x64.ActiveCfg = Release|Any CPU
		{037C6974-74DA-4DE5-A353-35D775CC54DC}.Release|x64.Build.0 = Release|Any CPU
		{037C6974-74DA-4DE5-A353-35D775CC54DC}.Release|x86.ActiveCfg = Release|Any CPU
		{037C6974-74DA-4DE5-A353-35D775CC54DC}.Release|x86.Build.0 = Release|Any CPU
		{B842A626-2EA8-4D09-B30E-FB7C9B90C0DF}.Debug|Any CPU.ActiveCfg = Debug|Any CPU
		{B842A626-2EA8-4D09-B30E-FB7C9B90C0DF}.Debug|Any CPU.Build.0 = Debug|Any CPU
		{B842A626-2EA8-4D09-B30E-FB7C9B90C0DF}.Debug|x64.ActiveCfg = Debug|Any CPU
		{B842A626-2EA8-4D09-B30E-FB7C9B90C0DF}.Debug|x64.Build.0 = Debug|Any CPU
		{B842A626-2EA8-4D09-B30E-FB7C9B90C0DF}.Debug|x86.ActiveCfg = Debug|Any CPU
		{B842A626-2EA8-4D09-B30E-FB7C9B90C0DF}.Debug|x86.Build.0 = Debug|Any CPU
		{B842A626-2EA8-4D09-B30E-FB7C9B90C0DF}.Release|Any CPU.ActiveCfg = Release|Any CPU
		{B842A626-2EA8-4D09-B30E-FB7C9B90C0DF}.Release|Any CPU.Build.0 = Release|Any CPU
		{B842A626-2EA8-4D09-B30E-FB7C9B90C0DF}.Release|x64.ActiveCfg = Release|Any CPU
		{B842A626-2EA8-4D09-B30E-FB7C9B90C0DF}.Release|x64.Build.0 = Release|Any CPU
		{B842A626-2EA8-4D09-B30E-FB7C9B90C0DF}.Release|x86.ActiveCfg = Release|Any CPU
		{B842A626-2EA8-4D09-B30E-FB7C9B90C0DF}.Release|x86.Build.0 = Release|Any CPU
		{8006F1F5-209E-406F-8B90-9EC76DC65E27}.Debug|Any CPU.ActiveCfg = Debug|Any CPU
		{8006F1F5-209E-406F-8B90-9EC76DC65E27}.Debug|Any CPU.Build.0 = Debug|Any CPU
		{8006F1F5-209E-406F-8B90-9EC76DC65E27}.Debug|x64.ActiveCfg = Debug|Any CPU
		{8006F1F5-209E-406F-8B90-9EC76DC65E27}.Debug|x64.Build.0 = Debug|Any CPU
		{8006F1F5-209E-406F-8B90-9EC76DC65E27}.Debug|x86.ActiveCfg = Debug|Any CPU
		{8006F1F5-209E-406F-8B90-9EC76DC65E27}.Debug|x86.Build.0 = Debug|Any CPU
		{8006F1F5-209E-406F-8B90-9EC76DC65E27}.Release|Any CPU.ActiveCfg = Release|Any CPU
		{8006F1F5-209E-406F-8B90-9EC76DC65E27}.Release|Any CPU.Build.0 = Release|Any CPU
		{8006F1F5-209E-406F-8B90-9EC76DC65E27}.Release|x64.ActiveCfg = Release|Any CPU
		{8006F1F5-209E-406F-8B90-9EC76DC65E27}.Release|x64.Build.0 = Release|Any CPU
		{8006F1F5-209E-406F-8B90-9EC76DC65E27}.Release|x86.ActiveCfg = Release|Any CPU
		{8006F1F5-209E-406F-8B90-9EC76DC65E27}.Release|x86.Build.0 = Release|Any CPU
		{13C09692-173F-4C0F-B2D4-B2C7050FA394}.Debug|Any CPU.ActiveCfg = Debug|Any CPU
		{13C09692-173F-4C0F-B2D4-B2C7050FA394}.Debug|Any CPU.Build.0 = Debug|Any CPU
		{13C09692-173F-4C0F-B2D4-B2C7050FA394}.Debug|x64.ActiveCfg = Debug|Any CPU
		{13C09692-173F-4C0F-B2D4-B2C7050FA394}.Debug|x64.Build.0 = Debug|Any CPU
		{13C09692-173F-4C0F-B2D4-B2C7050FA394}.Debug|x86.ActiveCfg = Debug|Any CPU
		{13C09692-173F-4C0F-B2D4-B2C7050FA394}.Debug|x86.Build.0 = Debug|Any CPU
		{13C09692-173F-4C0F-B2D4-B2C7050FA394}.Release|Any CPU.ActiveCfg = Release|Any CPU
		{13C09692-173F-4C0F-B2D4-B2C7050FA394}.Release|Any CPU.Build.0 = Release|Any CPU
		{13C09692-173F-4C0F-B2D4-B2C7050FA394}.Release|x64.ActiveCfg = Release|Any CPU
		{13C09692-173F-4C0F-B2D4-B2C7050FA394}.Release|x64.Build.0 = Release|Any CPU
		{13C09692-173F-4C0F-B2D4-B2C7050FA394}.Release|x86.ActiveCfg = Release|Any CPU
		{13C09692-173F-4C0F-B2D4-B2C7050FA394}.Release|x86.Build.0 = Release|Any CPU
		{D61DCB48-6F9E-4226-9DB6-C92B51A696AE}.Debug|Any CPU.ActiveCfg = Debug|Any CPU
		{D61DCB48-6F9E-4226-9DB6-C92B51A696AE}.Debug|Any CPU.Build.0 = Debug|Any CPU
		{D61DCB48-6F9E-4226-9DB6-C92B51A696AE}.Debug|x64.ActiveCfg = Debug|Any CPU
		{D61DCB48-6F9E-4226-9DB6-C92B51A696AE}.Debug|x64.Build.0 = Debug|Any CPU
		{D61DCB48-6F9E-4226-9DB6-C92B51A696AE}.Debug|x86.ActiveCfg = Debug|Any CPU
		{D61DCB48-6F9E-4226-9DB6-C92B51A696AE}.Debug|x86.Build.0 = Debug|Any CPU
		{D61DCB48-6F9E-4226-9DB6-C92B51A696AE}.Release|Any CPU.ActiveCfg = Release|Any CPU
		{D61DCB48-6F9E-4226-9DB6-C92B51A696AE}.Release|Any CPU.Build.0 = Release|Any CPU
		{D61DCB48-6F9E-4226-9DB6-C92B51A696AE}.Release|x64.ActiveCfg = Release|Any CPU
		{D61DCB48-6F9E-4226-9DB6-C92B51A696AE}.Release|x64.Build.0 = Release|Any CPU
		{D61DCB48-6F9E-4226-9DB6-C92B51A696AE}.Release|x86.ActiveCfg = Release|Any CPU
		{D61DCB48-6F9E-4226-9DB6-C92B51A696AE}.Release|x86.Build.0 = Release|Any CPU
		{CDDEBBA7-CD62-4CC6-A2E5-297D73837B02}.Debug|Any CPU.ActiveCfg = Debug|Any CPU
		{CDDEBBA7-CD62-4CC6-A2E5-297D73837B02}.Debug|Any CPU.Build.0 = Debug|Any CPU
		{CDDEBBA7-CD62-4CC6-A2E5-297D73837B02}.Debug|x64.ActiveCfg = Debug|Any CPU
		{CDDEBBA7-CD62-4CC6-A2E5-297D73837B02}.Debug|x64.Build.0 = Debug|Any CPU
		{CDDEBBA7-CD62-4CC6-A2E5-297D73837B02}.Debug|x86.ActiveCfg = Debug|Any CPU
		{CDDEBBA7-CD62-4CC6-A2E5-297D73837B02}.Debug|x86.Build.0 = Debug|Any CPU
		{CDDEBBA7-CD62-4CC6-A2E5-297D73837B02}.Release|Any CPU.ActiveCfg = Release|Any CPU
		{CDDEBBA7-CD62-4CC6-A2E5-297D73837B02}.Release|Any CPU.Build.0 = Release|Any CPU
		{CDDEBBA7-CD62-4CC6-A2E5-297D73837B02}.Release|x64.ActiveCfg = Release|Any CPU
		{CDDEBBA7-CD62-4CC6-A2E5-297D73837B02}.Release|x64.Build.0 = Release|Any CPU
		{CDDEBBA7-CD62-4CC6-A2E5-297D73837B02}.Release|x86.ActiveCfg = Release|Any CPU
		{CDDEBBA7-CD62-4CC6-A2E5-297D73837B02}.Release|x86.Build.0 = Release|Any CPU
		{C034834D-26CA-4DE0-8297-D004A4268743}.Debug|Any CPU.ActiveCfg = Debug|Any CPU
		{C034834D-26CA-4DE0-8297-D004A4268743}.Debug|Any CPU.Build.0 = Debug|Any CPU
		{C034834D-26CA-4DE0-8297-D004A4268743}.Debug|x64.ActiveCfg = Debug|Any CPU
		{C034834D-26CA-4DE0-8297-D004A4268743}.Debug|x64.Build.0 = Debug|Any CPU
		{C034834D-26CA-4DE0-8297-D004A4268743}.Debug|x86.ActiveCfg = Debug|Any CPU
		{C034834D-26CA-4DE0-8297-D004A4268743}.Debug|x86.Build.0 = Debug|Any CPU
		{C034834D-26CA-4DE0-8297-D004A4268743}.Release|Any CPU.ActiveCfg = Release|Any CPU
		{C034834D-26CA-4DE0-8297-D004A4268743}.Release|Any CPU.Build.0 = Release|Any CPU
		{C034834D-26CA-4DE0-8297-D004A4268743}.Release|x64.ActiveCfg = Release|Any CPU
		{C034834D-26CA-4DE0-8297-D004A4268743}.Release|x64.Build.0 = Release|Any CPU
		{C034834D-26CA-4DE0-8297-D004A4268743}.Release|x86.ActiveCfg = Release|Any CPU
		{C034834D-26CA-4DE0-8297-D004A4268743}.Release|x86.Build.0 = Release|Any CPU
		{0EE80832-7ED0-435D-8570-E6F4B1BAD229}.Debug|Any CPU.ActiveCfg = Debug|Any CPU
		{0EE80832-7ED0-435D-8570-E6F4B1BAD229}.Debug|Any CPU.Build.0 = Debug|Any CPU
		{0EE80832-7ED0-435D-8570-E6F4B1BAD229}.Debug|x64.ActiveCfg = Debug|Any CPU
		{0EE80832-7ED0-435D-8570-E6F4B1BAD229}.Debug|x64.Build.0 = Debug|Any CPU
		{0EE80832-7ED0-435D-8570-E6F4B1BAD229}.Debug|x86.ActiveCfg = Debug|Any CPU
		{0EE80832-7ED0-435D-8570-E6F4B1BAD229}.Debug|x86.Build.0 = Debug|Any CPU
		{0EE80832-7ED0-435D-8570-E6F4B1BAD229}.Release|Any CPU.ActiveCfg = Release|Any CPU
		{0EE80832-7ED0-435D-8570-E6F4B1BAD229}.Release|Any CPU.Build.0 = Release|Any CPU
		{0EE80832-7ED0-435D-8570-E6F4B1BAD229}.Release|x64.ActiveCfg = Release|Any CPU
		{0EE80832-7ED0-435D-8570-E6F4B1BAD229}.Release|x64.Build.0 = Release|Any CPU
		{0EE80832-7ED0-435D-8570-E6F4B1BAD229}.Release|x86.ActiveCfg = Release|Any CPU
		{0EE80832-7ED0-435D-8570-E6F4B1BAD229}.Release|x86.Build.0 = Release|Any CPU
	EndGlobalSection
	GlobalSection(SolutionProperties) = preSolution
		HideSolutionNode = FALSE
	EndGlobalSection
	GlobalSection(NestedProjects) = preSolution
		{037C6974-74DA-4DE5-A353-35D775CC54DC} = {0AB3BF05-4346-4AA6-1389-037BE0695223}
		{B842A626-2EA8-4D09-B30E-FB7C9B90C0DF} = {827E0CD3-B72D-47B6-A68D-7590B98EB39B}
		{8006F1F5-209E-406F-8B90-9EC76DC65E27} = {827E0CD3-B72D-47B6-A68D-7590B98EB39B}
		{13C09692-173F-4C0F-B2D4-B2C7050FA394} = {827E0CD3-B72D-47B6-A68D-7590B98EB39B}
		{3BA5312F-4CB7-F189-D5EC-6A9485924027} = {827E0CD3-B72D-47B6-A68D-7590B98EB39B}
		{D61DCB48-6F9E-4226-9DB6-C92B51A696AE} = {3BA5312F-4CB7-F189-D5EC-6A9485924027}
		{93753B5B-6D4E-4957-2162-431EAC43B3F8} = {3BA5312F-4CB7-F189-D5EC-6A9485924027}
		{CDDEBBA7-CD62-4CC6-A2E5-297D73837B02} = {93753B5B-6D4E-4957-2162-431EAC43B3F8}
		{C034834D-26CA-4DE0-8297-D004A4268743} = {93753B5B-6D4E-4957-2162-431EAC43B3F8}
		{0EE80832-7ED0-435D-8570-E6F4B1BAD229} = {93753B5B-6D4E-4957-2162-431EAC43B3F8}
	EndGlobalSection
EndGlobal
