
Microsoft Visual Studio Solution File, Format Version 12.00
# Visual Studio Version 17
VisualStudioVersion = 17.0.31903.59
MinimumVisualStudioVersion = 10.0.40219.1
Project("{9A19103F-16F7-4668-BE54-9A1E7A4F7556}") = "logicpos", "src\LogicPOS.App\logicpos.csproj", "{A7C3E1B2-4D5F-4A61-9C8E-1B2D3E4F5061}"
EndProject
Project("{9A19103F-16F7-4668-BE54-9A1E7A4F7556}") = "LogicPOS.Core", "src\LogicPOS.Core\LogicPOS.Core.csproj", "{B8D4F2C3-5E60-4B72-8D9F-2C3E4F506172}"
EndProject
Global
	GlobalSection(SolutionConfigurationPlatforms) = preSolution
		Debug|Any CPU = Debug|Any CPU
		Release|Any CPU = Release|Any CPU
	EndGlobalSection
	GlobalSection(ProjectConfigurationPlatforms) = postSolution
		{A7C3E1B2-4D5F-4A61-9C8E-1B2D3E4F5061}.Debug|Any CPU.ActiveCfg = Debug|Any CPU
		{A7C3E1B2-4D5F-4A61-9C8E-1B2D3E4F5061}.Debug|Any CPU.Build.0 = Debug|Any CPU
		{A7C3E1B2-4D5F-4A61-9C8E-1B2D3E4F5061}.Release|Any CPU.ActiveCfg = Release|Any CPU
		{A7C3E1B2-4D5F-4A61-9C8E-1B2D3E4F5061}.Release|Any CPU.Build.0 = Release|Any CPU
		{B8D4F2C3-5E60-4B72-8D9F-2C3E4F506172}.Debug|Any CPU.ActiveCfg = Debug|Any CPU
		{B8D4F2C3-5E60-4B72-8D9F-2C3E4F506172}.Debug|Any CPU.Build.0 = Debug|Any CPU
		{B8D4F2C3-5E60-4B72-8D9F-2C3E4F506172}.Release|Any CPU.ActiveCfg = Release|Any CPU
		{B8D4F2C3-5E60-4B72-8D9F-2C3E4F506172}.Release|Any CPU.Build.0 = Release|Any CPU
	EndGlobalSection
	GlobalSection(SolutionProperties) = preSolution
		HideSolutionNode = FALSE
	EndGlobalSection
EndGlobal
